// !$*UTF8*$!
{
	archiveVersion = 1;
	classes = {
	};
	objectVersion = 46;
	objects = {

/* Begin PBXBuildFile section */
		0C36D4C11DCACB940081878D /* CCommonCrypto.framework in Frameworks */ = {isa = PBXBuildFile; fileRef = 0C36D4B71DCACB940081878D /* CCommonCrypto.framework */; };
		0C36D4D61DCACC000081878D /* Package.swift in Sources */ = {isa = PBXBuildFile; fileRef = 0C36D4D11DCACC000081878D /* Package.swift */; };
		0C36D4D71DCACC000081878D /* README.md in Sources */ = {isa = PBXBuildFile; fileRef = 0C36D4D31DCACC000081878D /* README.md */; };
		0C36D4D81DCACC000081878D /* GNUmakefile in Resources */ = {isa = PBXBuildFile; fileRef = 0C36D4D41DCACC000081878D /* GNUmakefile */; };
		0C36D4D91DCACC000081878D /* README in Resources */ = {isa = PBXBuildFile; fileRef = 0C36D4D51DCACC000081878D /* README */; };
		0C36D4DE1DCACC0B0081878D /* CCommonCryptoTests.swift in Sources */ = {isa = PBXBuildFile; fileRef = 0C36D4DC1DCACC0B0081878D /* CCommonCryptoTests.swift */; };
		0C36D4DF1DCACC0B0081878D /* Info.plist in Resources */ = {isa = PBXBuildFile; fileRef = 0C36D4DD1DCACC0B0081878D /* Info.plist */; };
		0C36D5301DCACC110081878D /* AES.c in Sources */ = {isa = PBXBuildFile; fileRef = 0C36D4E21DCACC110081878D /* AES.c */; };
		0C36D5311DCACC110081878D /* AESAssembly.h in Headers */ = {isa = PBXBuildFile; fileRef = 0C36D4E31DCACC110081878D /* AESAssembly.h */; };
		0C36D5321DCACC110081878D /* Data.c in Sources */ = {isa = PBXBuildFile; fileRef = 0C36D4E41DCACC110081878D /* Data.c */; };
		0C36D5331DCACC110081878D /* AES.s in Sources */ = {isa = PBXBuildFile; fileRef = 0C36D4E61DCACC110081878D /* AES.s */; };
		0C36D5341DCACC110081878D /* Data.s in Sources */ = {isa = PBXBuildFile; fileRef = 0C36D4E71DCACC110081878D /* Data.s */; };
		0C36D5351DCACC110081878D /* DecryptCBC.s in Sources */ = {isa = PBXBuildFile; fileRef = 0C36D4E81DCACC110081878D /* DecryptCBC.s */; };
		0C36D5361DCACC110081878D /* EncryptCBC.s in Sources */ = {isa = PBXBuildFile; fileRef = 0C36D4E91DCACC110081878D /* EncryptCBC.s */; };
		0C36D5371DCACC110081878D /* EncryptDecrypt.s in Sources */ = {isa = PBXBuildFile; fileRef = 0C36D4EA1DCACC110081878D /* EncryptDecrypt.s */; };
		0C36D5381DCACC110081878D /* ExpandKeyForDecryption.s in Sources */ = {isa = PBXBuildFile; fileRef = 0C36D4EB1DCACC110081878D /* ExpandKeyForDecryption.s */; };
		0C36D5391DCACC110081878D /* ExpandKeyForEncryption.s in Sources */ = {isa = PBXBuildFile; fileRef = 0C36D4EC1DCACC110081878D /* ExpandKeyForEncryption.s */; };
		0C36D53A1DCACC110081878D /* ReadMe.txt in Resources */ = {isa = PBXBuildFile; fileRef = 0C36D4ED1DCACC110081878D /* ReadMe.txt */; };
		0C36D53B1DCACC110081878D /* MakeData.c in Sources */ = {isa = PBXBuildFile; fileRef = 0C36D4EE1DCACC110081878D /* MakeData.c */; };
		0C36D53C1DCACC110081878D /* makefile in Sources */ = {isa = PBXBuildFile; fileRef = 0C36D4EF1DCACC110081878D /* makefile */; };
		0C36D53D1DCACC110081878D /* ReadMe.txt in Resources */ = {isa = PBXBuildFile; fileRef = 0C36D4F01DCACC110081878D /* ReadMe.txt */; };
		0C36D53E1DCACC110081878D /* BlockCipher.c in Sources */ = {isa = PBXBuildFile; fileRef = 0C36D4F11DCACC110081878D /* BlockCipher.c */; };
		0C36D53F1DCACC110081878D /* BlockCipher.h in Headers */ = {isa = PBXBuildFile; fileRef = 0C36D4F21DCACC110081878D /* BlockCipher.h */; };
		0C36D5401DCACC110081878D /* c_ecb.c in Sources */ = {isa = PBXBuildFile; fileRef = 0C36D4F41DCACC110081878D /* c_ecb.c */; };
		0C36D5411DCACC110081878D /* c_enc.c in Sources */ = {isa = PBXBuildFile; fileRef = 0C36D4F51DCACC110081878D /* c_enc.c */; };
		0C36D5421DCACC110081878D /* c_skey.c in Sources */ = {isa = PBXBuildFile; fileRef = 0C36D4F61DCACC110081878D /* c_skey.c */; };
		0C36D5431DCACC110081878D /* cast_lcl.h in Headers */ = {isa = PBXBuildFile; fileRef = 0C36D4F71DCACC110081878D /* cast_lcl.h */; };
		0C36D5441DCACC110081878D /* cast_s.h in Headers */ = {isa = PBXBuildFile; fileRef = 0C36D4F81DCACC110081878D /* cast_s.h */; };
		0C36D5451DCACC110081878D /* ccCast.c in Sources */ = {isa = PBXBuildFile; fileRef = 0C36D4F91DCACC110081878D /* ccCast.c */; };
		0C36D5461DCACC110081878D /* ccDES.c in Sources */ = {isa = PBXBuildFile; fileRef = 0C36D4FA1DCACC110081878D /* ccDES.c */; };
		0C36D5471DCACC110081878D /* ccDES.h in Headers */ = {isa = PBXBuildFile; fileRef = 0C36D4FB1DCACC110081878D /* ccDES.h */; };
		0C36D5481DCACC110081878D /* des.h in Headers */ = {isa = PBXBuildFile; fileRef = 0C36D4FD1DCACC110081878D /* des.h */; };
		0C36D5491DCACC110081878D /* des_enc.c in Sources */ = {isa = PBXBuildFile; fileRef = 0C36D4FE1DCACC110081878D /* des_enc.c */; };
		0C36D54A1DCACC110081878D /* des_locl.h in Headers */ = {isa = PBXBuildFile; fileRef = 0C36D4FF1DCACC110081878D /* des_locl.h */; };
		0C36D54B1DCACC110081878D /* e_os2.h in Headers */ = {isa = PBXBuildFile; fileRef = 0C36D5001DCACC110081878D /* e_os2.h */; };
		0C36D54C1DCACC110081878D /* opensslconf.h in Headers */ = {isa = PBXBuildFile; fileRef = 0C36D5011DCACC110081878D /* opensslconf.h */; };
		0C36D54D1DCACC110081878D /* opensslDES.c in Sources */ = {isa = PBXBuildFile; fileRef = 0C36D5021DCACC110081878D /* opensslDES.c */; };
		0C36D54E1DCACC110081878D /* set_key.c in Sources */ = {isa = PBXBuildFile; fileRef = 0C36D5031DCACC110081878D /* set_key.c */; };
		0C36D54F1DCACC110081878D /* spr.h in Headers */ = {isa = PBXBuildFile; fileRef = 0C36D5041DCACC110081878D /* spr.h */; };
		0C36D5501DCACC110081878D /* aes.h in Headers */ = {isa = PBXBuildFile; fileRef = 0C36D5061DCACC110081878D /* aes.h */; };
		0C36D5511DCACC110081878D /* aesopt.h in Headers */ = {isa = PBXBuildFile; fileRef = 0C36D5071DCACC110081878D /* aesopt.h */; };
		0C36D5521DCACC110081878D /* cast.h in Headers */ = {isa = PBXBuildFile; fileRef = 0C36D5081DCACC110081878D /* cast.h */; };
		0C36D5531DCACC110081878D /* ccCast.h in Headers */ = {isa = PBXBuildFile; fileRef = 0C36D5091DCACC110081878D /* ccCast.h */; };
		0C36D5541DCACC110081878D /* ccRC2.h in Headers */ = {isa = PBXBuildFile; fileRef = 0C36D50A1DCACC110081878D /* ccRC2.h */; };
		0C36D5551DCACC110081878D /* CommonCryptoPriv.h in Headers */ = {isa = PBXBuildFile; fileRef = 0C36D50B1DCACC110081878D /* CommonCryptoPriv.h */; };
		0C36D5561DCACC110081878D /* opensslDES.h in Headers */ = {isa = PBXBuildFile; fileRef = 0C36D50C1DCACC110081878D /* opensslDES.h */; };
		0C36D5571DCACC110081878D /* rc2.h in Headers */ = {isa = PBXBuildFile; fileRef = 0C36D50D1DCACC110081878D /* rc2.h */; };
		0C36D5581DCACC110081878D /* rc4.h in Headers */ = {isa = PBXBuildFile; fileRef = 0C36D50E1DCACC110081878D /* rc4.h */; };
		0C36D5591DCACC110081878D /* CommonCryptor.c in Sources */ = {isa = PBXBuildFile; fileRef = 0C36D50F1DCACC110081878D /* CommonCryptor.c */; };
		0C36D55A1DCACC110081878D /* CommonCryptorPriv.h in Headers */ = {isa = PBXBuildFile; fileRef = 0C36D5101DCACC110081878D /* CommonCryptorPriv.h */; };
		0C36D55B1DCACC110081878D /* CommonDigestPriv.h in Headers */ = {isa = PBXBuildFile; fileRef = 0C36D5111DCACC110081878D /* CommonDigestPriv.h */; };
		0C36D55C1DCACC110081878D /* CommonHMAC.c in Sources */ = {isa = PBXBuildFile; fileRef = 0C36D5121DCACC110081878D /* CommonHMAC.c */; };
		0C36D55D1DCACC110081878D /* md2_dgst.c in Sources */ = {isa = PBXBuildFile; fileRef = 0C36D5141DCACC110081878D /* md2_dgst.c */; };
		0C36D55E1DCACC110081878D /* md32_common.h in Headers */ = {isa = PBXBuildFile; fileRef = 0C36D5151DCACC110081878D /* md32_common.h */; };
		0C36D55F1DCACC110081878D /* md4_dgst.c in Sources */ = {isa = PBXBuildFile; fileRef = 0C36D5161DCACC110081878D /* md4_dgst.c */; };
		0C36D5601DCACC110081878D /* md4_locl.h in Headers */ = {isa = PBXBuildFile; fileRef = 0C36D5171DCACC110081878D /* md4_locl.h */; };
		0C36D5611DCACC110081878D /* md5_dgst.c in Sources */ = {isa = PBXBuildFile; fileRef = 0C36D5181DCACC110081878D /* md5_dgst.c */; };
		0C36D5621DCACC110081878D /* md5_locl.h in Headers */ = {isa = PBXBuildFile; fileRef = 0C36D5191DCACC110081878D /* md5_locl.h */; };
		0C36D5631DCACC110081878D /* sha1.c in Sources */ = {isa = PBXBuildFile; fileRef = 0C36D51A1DCACC110081878D /* sha1.c */; };
		0C36D5641DCACC110081878D /* sha1edp.h in Headers */ = {isa = PBXBuildFile; fileRef = 0C36D51B1DCACC110081878D /* sha1edp.h */; };
		0C36D5651DCACC110081878D /* sha1edpBigEndian.s in Sources */ = {isa = PBXBuildFile; fileRef = 0C36D51C1DCACC110081878D /* sha1edpBigEndian.s */; };
		0C36D5661DCACC110081878D /* sha1edpLittleEndian.s in Sources */ = {isa = PBXBuildFile; fileRef = 0C36D51D1DCACC110081878D /* sha1edpLittleEndian.s */; };
		0C36D5671DCACC110081878D /* sha2.c in Sources */ = {isa = PBXBuildFile; fileRef = 0C36D51E1DCACC110081878D /* sha2.c */; };
		0C36D5681DCACC110081878D /* sha2Priv.h in Headers */ = {isa = PBXBuildFile; fileRef = 0C36D51F1DCACC110081878D /* sha2Priv.h */; };
		0C36D5691DCACC110081878D /* sha_locl.h in Headers */ = {isa = PBXBuildFile; fileRef = 0C36D5201DCACC110081878D /* sha_locl.h */; };
		0C36D56A1DCACC110081878D /* aescrypt.c in Sources */ = {isa = PBXBuildFile; fileRef = 0C36D5221DCACC110081878D /* aescrypt.c */; };
		0C36D56B1DCACC110081878D /* aeskey.c in Sources */ = {isa = PBXBuildFile; fileRef = 0C36D5231DCACC110081878D /* aeskey.c */; };
		0C36D56C1DCACC110081878D /* aestab.c in Sources */ = {isa = PBXBuildFile; fileRef = 0C36D5241DCACC110081878D /* aestab.c */; };
		0C36D56D1DCACC110081878D /* aestab.h in Headers */ = {isa = PBXBuildFile; fileRef = 0C36D5251DCACC110081878D /* aestab.h */; };
		0C36D56E1DCACC110081878D /* ccNewGladman.c in Sources */ = {isa = PBXBuildFile; fileRef = 0C36D5261DCACC110081878D /* ccNewGladman.c */; };
		0C36D56F1DCACC110081878D /* README in Resources */ = {isa = PBXBuildFile; fileRef = 0C36D5271DCACC110081878D /* README */; };
		0C36D5701DCACC110081878D /* ccRC2.c in Sources */ = {isa = PBXBuildFile; fileRef = 0C36D5291DCACC110081878D /* ccRC2.c */; };
		0C36D5711DCACC110081878D /* rc2.c in Sources */ = {isa = PBXBuildFile; fileRef = 0C36D52A1DCACC110081878D /* rc2.c */; };
		0C36D5721DCACC110081878D /* rc4_enc.c in Sources */ = {isa = PBXBuildFile; fileRef = 0C36D52C1DCACC110081878D /* rc4_enc.c */; };
		0C36D5731DCACC110081878D /* rc4_skey.c in Sources */ = {isa = PBXBuildFile; fileRef = 0C36D52D1DCACC110081878D /* rc4_skey.c */; };
		0C36D5741DCACC110081878D /* StreamCipher.c in Sources */ = {isa = PBXBuildFile; fileRef = 0C36D52E1DCACC110081878D /* StreamCipher.c */; };
		0C36D5751DCACC110081878D /* StreamCipher.h in Headers */ = {isa = PBXBuildFile; fileRef = 0C36D52F1DCACC110081878D /* StreamCipher.h */; };
		0C36D5771DCACC200081878D /* Info.plist in Resources */ = {isa = PBXBuildFile; fileRef = 0C36D5761DCACC200081878D /* Info.plist */; };
/* End PBXBuildFile section */

/* Begin PBXContainerItemProxy section */
		0C36D4C21DCACB940081878D /* PBXContainerItemProxy */ = {
			isa = PBXContainerItemProxy;
			containerPortal = 0C36D4AE1DCACB940081878D /* Project object */;
			proxyType = 1;
			remoteGlobalIDString = 0C36D4B61DCACB940081878D;
			remoteInfo = CCommonCrypto;
		};
/* End PBXContainerItemProxy section */

/* Begin PBXFileReference section */
		0C36D4B71DCACB940081878D /* CCommonCrypto.framework */ = {isa = PBXFileReference; explicitFileType = wrapper.framework; includeInIndex = 0; path = CCommonCrypto.framework; sourceTree = BUILT_PRODUCTS_DIR; };
		0C36D4C01DCACB940081878D /* CCommonCryptoTests.xctest */ = {isa = PBXFileReference; explicitFileType = wrapper.cfbundle; includeInIndex = 0; path = CCommonCryptoTests.xctest; sourceTree = BUILT_PRODUCTS_DIR; };
		0C36D4D11DCACC000081878D /* Package.swift */ = {isa = PBXFileReference; fileEncoding = 4; lastKnownFileType = sourcecode.swift; path = Package.swift; sourceTree = "<group>"; };
		0C36D4D21DCACC000081878D /* module.modulemap */ = {isa = PBXFileReference; fileEncoding = 4; lastKnownFileType = "sourcecode.module-map"; path = module.modulemap; sourceTree = "<group>"; };
		0C36D4D31DCACC000081878D /* README.md */ = {isa = PBXFileReference; fileEncoding = 4; lastKnownFileType = net.daringfireball.markdown; path = README.md; sourceTree = "<group>"; };
		0C36D4D41DCACC000081878D /* GNUmakefile */ = {isa = PBXFileReference; fileEncoding = 4; lastKnownFileType = text; path = GNUmakefile; sourceTree = "<group>"; };
		0C36D4D51DCACC000081878D /* README */ = {isa = PBXFileReference; fileEncoding = 4; lastKnownFileType = text; path = README; sourceTree = "<group>"; };
		0C36D4DC1DCACC0B0081878D /* CCommonCryptoTests.swift */ = {isa = PBXFileReference; fileEncoding = 4; lastKnownFileType = sourcecode.swift; path = CCommonCryptoTests.swift; sourceTree = "<group>"; };
		0C36D4DD1DCACC0B0081878D /* Info.plist */ = {isa = PBXFileReference; fileEncoding = 4; lastKnownFileType = text.plist.xml; path = Info.plist; sourceTree = "<group>"; };
		0C36D4E21DCACC110081878D /* AES.c */ = {isa = PBXFileReference; fileEncoding = 4; lastKnownFileType = sourcecode.c.c; path = AES.c; sourceTree = "<group>"; };
		0C36D4E31DCACC110081878D /* AESAssembly.h */ = {isa = PBXFileReference; fileEncoding = 4; lastKnownFileType = sourcecode.c.h; path = AESAssembly.h; sourceTree = "<group>"; };
		0C36D4E41DCACC110081878D /* Data.c */ = {isa = PBXFileReference; fileEncoding = 4; lastKnownFileType = sourcecode.c.c; path = Data.c; sourceTree = "<group>"; };
		0C36D4E61DCACC110081878D /* AES.s */ = {isa = PBXFileReference; fileEncoding = 4; lastKnownFileType = sourcecode.asm; path = AES.s; sourceTree = "<group>"; };
		0C36D4E71DCACC110081878D /* Data.s */ = {isa = PBXFileReference; fileEncoding = 4; lastKnownFileType = sourcecode.asm; path = Data.s; sourceTree = "<group>"; };
		0C36D4E81DCACC110081878D /* DecryptCBC.s */ = {isa = PBXFileReference; fileEncoding = 4; lastKnownFileType = sourcecode.asm; path = DecryptCBC.s; sourceTree = "<group>"; };
		0C36D4E91DCACC110081878D /* EncryptCBC.s */ = {isa = PBXFileReference; fileEncoding = 4; lastKnownFileType = sourcecode.asm; path = EncryptCBC.s; sourceTree = "<group>"; };
		0C36D4EA1DCACC110081878D /* EncryptDecrypt.s */ = {isa = PBXFileReference; fileEncoding = 4; lastKnownFileType = sourcecode.asm; path = EncryptDecrypt.s; sourceTree = "<group>"; };
		0C36D4EB1DCACC110081878D /* ExpandKeyForDecryption.s */ = {isa = PBXFileReference; fileEncoding = 4; lastKnownFileType = sourcecode.asm; path = ExpandKeyForDecryption.s; sourceTree = "<group>"; };
		0C36D4EC1DCACC110081878D /* ExpandKeyForEncryption.s */ = {isa = PBXFileReference; fileEncoding = 4; lastKnownFileType = sourcecode.asm; path = ExpandKeyForEncryption.s; sourceTree = "<group>"; };
		0C36D4ED1DCACC110081878D /* ReadMe.txt */ = {isa = PBXFileReference; fileEncoding = 4; lastKnownFileType = text; path = ReadMe.txt; sourceTree = "<group>"; };
		0C36D4EE1DCACC110081878D /* MakeData.c */ = {isa = PBXFileReference; fileEncoding = 4; lastKnownFileType = sourcecode.c.c; path = MakeData.c; sourceTree = "<group>"; };
		0C36D4EF1DCACC110081878D /* makefile */ = {isa = PBXFileReference; fileEncoding = 4; lastKnownFileType = sourcecode.make; path = makefile; sourceTree = "<group>"; };
		0C36D4F01DCACC110081878D /* ReadMe.txt */ = {isa = PBXFileReference; fileEncoding = 4; lastKnownFileType = text; path = ReadMe.txt; sourceTree = "<group>"; };
		0C36D4F11DCACC110081878D /* BlockCipher.c */ = {isa = PBXFileReference; fileEncoding = 4; lastKnownFileType = sourcecode.c.c; path = BlockCipher.c; sourceTree = "<group>"; };
		0C36D4F21DCACC110081878D /* BlockCipher.h */ = {isa = PBXFileReference; fileEncoding = 4; lastKnownFileType = sourcecode.c.h; path = BlockCipher.h; sourceTree = "<group>"; };
		0C36D4F41DCACC110081878D /* c_ecb.c */ = {isa = PBXFileReference; fileEncoding = 4; lastKnownFileType = sourcecode.c.c; path = c_ecb.c; sourceTree = "<group>"; };
		0C36D4F51DCACC110081878D /* c_enc.c */ = {isa = PBXFileReference; fileEncoding = 4; lastKnownFileType = sourcecode.c.c; path = c_enc.c; sourceTree = "<group>"; };
		0C36D4F61DCACC110081878D /* c_skey.c */ = {isa = PBXFileReference; fileEncoding = 4; lastKnownFileType = sourcecode.c.c; path = c_skey.c; sourceTree = "<group>"; };
		0C36D4F71DCACC110081878D /* cast_lcl.h */ = {isa = PBXFileReference; fileEncoding = 4; lastKnownFileType = sourcecode.c.h; path = cast_lcl.h; sourceTree = "<group>"; };
		0C36D4F81DCACC110081878D /* cast_s.h */ = {isa = PBXFileReference; fileEncoding = 4; lastKnownFileType = sourcecode.c.h; path = cast_s.h; sourceTree = "<group>"; };
		0C36D4F91DCACC110081878D /* ccCast.c */ = {isa = PBXFileReference; fileEncoding = 4; lastKnownFileType = sourcecode.c.c; path = ccCast.c; sourceTree = "<group>"; };
		0C36D4FA1DCACC110081878D /* ccDES.c */ = {isa = PBXFileReference; fileEncoding = 4; lastKnownFileType = sourcecode.c.c; path = ccDES.c; sourceTree = "<group>"; };
		0C36D4FB1DCACC110081878D /* ccDES.h */ = {isa = PBXFileReference; fileEncoding = 4; lastKnownFileType = sourcecode.c.h; path = ccDES.h; sourceTree = "<group>"; };
		0C36D4FD1DCACC110081878D /* des.h */ = {isa = PBXFileReference; fileEncoding = 4; lastKnownFileType = sourcecode.c.h; path = des.h; sourceTree = "<group>"; };
		0C36D4FE1DCACC110081878D /* des_enc.c */ = {isa = PBXFileReference; fileEncoding = 4; lastKnownFileType = sourcecode.c.c; path = des_enc.c; sourceTree = "<group>"; };
		0C36D4FF1DCACC110081878D /* des_locl.h */ = {isa = PBXFileReference; fileEncoding = 4; lastKnownFileType = sourcecode.c.h; path = des_locl.h; sourceTree = "<group>"; };
		0C36D5001DCACC110081878D /* e_os2.h */ = {isa = PBXFileReference; fileEncoding = 4; lastKnownFileType = sourcecode.c.h; path = e_os2.h; sourceTree = "<group>"; };
		0C36D5011DCACC110081878D /* opensslconf.h */ = {isa = PBXFileReference; fileEncoding = 4; lastKnownFileType = sourcecode.c.h; path = opensslconf.h; sourceTree = "<group>"; };
		0C36D5021DCACC110081878D /* opensslDES.c */ = {isa = PBXFileReference; fileEncoding = 4; lastKnownFileType = sourcecode.c.c; path = opensslDES.c; sourceTree = "<group>"; };
		0C36D5031DCACC110081878D /* set_key.c */ = {isa = PBXFileReference; fileEncoding = 4; lastKnownFileType = sourcecode.c.c; path = set_key.c; sourceTree = "<group>"; };
		0C36D5041DCACC110081878D /* spr.h */ = {isa = PBXFileReference; fileEncoding = 4; lastKnownFileType = sourcecode.c.h; path = spr.h; sourceTree = "<group>"; };
		0C36D5061DCACC110081878D /* aes.h */ = {isa = PBXFileReference; fileEncoding = 4; lastKnownFileType = sourcecode.c.h; path = aes.h; sourceTree = "<group>"; };
		0C36D5071DCACC110081878D /* aesopt.h */ = {isa = PBXFileReference; fileEncoding = 4; lastKnownFileType = sourcecode.c.h; path = aesopt.h; sourceTree = "<group>"; };
		0C36D5081DCACC110081878D /* cast.h */ = {isa = PBXFileReference; fileEncoding = 4; lastKnownFileType = sourcecode.c.h; path = cast.h; sourceTree = "<group>"; };
		0C36D5091DCACC110081878D /* ccCast.h */ = {isa = PBXFileReference; fileEncoding = 4; lastKnownFileType = sourcecode.c.h; path = ccCast.h; sourceTree = "<group>"; };
		0C36D50A1DCACC110081878D /* ccRC2.h */ = {isa = PBXFileReference; fileEncoding = 4; lastKnownFileType = sourcecode.c.h; path = ccRC2.h; sourceTree = "<group>"; };
		0C36D50B1DCACC110081878D /* CommonCryptoPriv.h */ = {isa = PBXFileReference; fileEncoding = 4; lastKnownFileType = sourcecode.c.h; path = CommonCryptoPriv.h; sourceTree = "<group>"; };
		0C36D50C1DCACC110081878D /* opensslDES.h */ = {isa = PBXFileReference; fileEncoding = 4; lastKnownFileType = sourcecode.c.h; path = opensslDES.h; sourceTree = "<group>"; };
		0C36D50D1DCACC110081878D /* rc2.h */ = {isa = PBXFileReference; fileEncoding = 4; lastKnownFileType = sourcecode.c.h; path = rc2.h; sourceTree = "<group>"; };
		0C36D50E1DCACC110081878D /* rc4.h */ = {isa = PBXFileReference; fileEncoding = 4; lastKnownFileType = sourcecode.c.h; path = rc4.h; sourceTree = "<group>"; };
		0C36D50F1DCACC110081878D /* CommonCryptor.c */ = {isa = PBXFileReference; fileEncoding = 4; lastKnownFileType = sourcecode.c.c; path = CommonCryptor.c; sourceTree = "<group>"; };
		0C36D5101DCACC110081878D /* CommonCryptorPriv.h */ = {isa = PBXFileReference; fileEncoding = 4; lastKnownFileType = sourcecode.c.h; path = CommonCryptorPriv.h; sourceTree = "<group>"; };
		0C36D5111DCACC110081878D /* CommonDigestPriv.h */ = {isa = PBXFileReference; fileEncoding = 4; lastKnownFileType = sourcecode.c.h; path = CommonDigestPriv.h; sourceTree = "<group>"; };
		0C36D5121DCACC110081878D /* CommonHMAC.c */ = {isa = PBXFileReference; fileEncoding = 4; lastKnownFileType = sourcecode.c.c; path = CommonHMAC.c; sourceTree = "<group>"; };
		0C36D5141DCACC110081878D /* md2_dgst.c */ = {isa = PBXFileReference; fileEncoding = 4; lastKnownFileType = sourcecode.c.c; path = md2_dgst.c; sourceTree = "<group>"; };
		0C36D5151DCACC110081878D /* md32_common.h */ = {isa = PBXFileReference; fileEncoding = 4; lastKnownFileType = sourcecode.c.h; path = md32_common.h; sourceTree = "<group>"; };
		0C36D5161DCACC110081878D /* md4_dgst.c */ = {isa = PBXFileReference; fileEncoding = 4; lastKnownFileType = sourcecode.c.c; path = md4_dgst.c; sourceTree = "<group>"; };
		0C36D5171DCACC110081878D /* md4_locl.h */ = {isa = PBXFileReference; fileEncoding = 4; lastKnownFileType = sourcecode.c.h; path = md4_locl.h; sourceTree = "<group>"; };
		0C36D5181DCACC110081878D /* md5_dgst.c */ = {isa = PBXFileReference; fileEncoding = 4; lastKnownFileType = sourcecode.c.c; path = md5_dgst.c; sourceTree = "<group>"; };
		0C36D5191DCACC110081878D /* md5_locl.h */ = {isa = PBXFileReference; fileEncoding = 4; lastKnownFileType = sourcecode.c.h; path = md5_locl.h; sourceTree = "<group>"; };
		0C36D51A1DCACC110081878D /* sha1.c */ = {isa = PBXFileReference; fileEncoding = 4; lastKnownFileType = sourcecode.c.c; path = sha1.c; sourceTree = "<group>"; };
		0C36D51B1DCACC110081878D /* sha1edp.h */ = {isa = PBXFileReference; fileEncoding = 4; lastKnownFileType = sourcecode.c.h; path = sha1edp.h; sourceTree = "<group>"; };
		0C36D51C1DCACC110081878D /* sha1edpBigEndian.s */ = {isa = PBXFileReference; fileEncoding = 4; lastKnownFileType = sourcecode.asm; path = sha1edpBigEndian.s; sourceTree = "<group>"; };
		0C36D51D1DCACC110081878D /* sha1edpLittleEndian.s */ = {isa = PBXFileReference; fileEncoding = 4; lastKnownFileType = sourcecode.asm; path = sha1edpLittleEndian.s; sourceTree = "<group>"; };
		0C36D51E1DCACC110081878D /* sha2.c */ = {isa = PBXFileReference; fileEncoding = 4; lastKnownFileType = sourcecode.c.c; path = sha2.c; sourceTree = "<group>"; };
		0C36D51F1DCACC110081878D /* sha2Priv.h */ = {isa = PBXFileReference; fileEncoding = 4; lastKnownFileType = sourcecode.c.h; path = sha2Priv.h; sourceTree = "<group>"; };
		0C36D5201DCACC110081878D /* sha_locl.h */ = {isa = PBXFileReference; fileEncoding = 4; lastKnownFileType = sourcecode.c.h; path = sha_locl.h; sourceTree = "<group>"; };
		0C36D5221DCACC110081878D /* aescrypt.c */ = {isa = PBXFileReference; fileEncoding = 4; lastKnownFileType = sourcecode.c.c; path = aescrypt.c; sourceTree = "<group>"; };
		0C36D5231DCACC110081878D /* aeskey.c */ = {isa = PBXFileReference; fileEncoding = 4; lastKnownFileType = sourcecode.c.c; path = aeskey.c; sourceTree = "<group>"; };
		0C36D5241DCACC110081878D /* aestab.c */ = {isa = PBXFileReference; fileEncoding = 4; lastKnownFileType = sourcecode.c.c; path = aestab.c; sourceTree = "<group>"; };
		0C36D5251DCACC110081878D /* aestab.h */ = {isa = PBXFileReference; fileEncoding = 4; lastKnownFileType = sourcecode.c.h; path = aestab.h; sourceTree = "<group>"; };
		0C36D5261DCACC110081878D /* ccNewGladman.c */ = {isa = PBXFileReference; fileEncoding = 4; lastKnownFileType = sourcecode.c.c; path = ccNewGladman.c; sourceTree = "<group>"; };
		0C36D5271DCACC110081878D /* README */ = {isa = PBXFileReference; fileEncoding = 4; lastKnownFileType = text; path = README; sourceTree = "<group>"; };
		0C36D5291DCACC110081878D /* ccRC2.c */ = {isa = PBXFileReference; fileEncoding = 4; lastKnownFileType = sourcecode.c.c; path = ccRC2.c; sourceTree = "<group>"; };
		0C36D52A1DCACC110081878D /* rc2.c */ = {isa = PBXFileReference; fileEncoding = 4; lastKnownFileType = sourcecode.c.c; path = rc2.c; sourceTree = "<group>"; };
		0C36D52C1DCACC110081878D /* rc4_enc.c */ = {isa = PBXFileReference; fileEncoding = 4; lastKnownFileType = sourcecode.c.c; path = rc4_enc.c; sourceTree = "<group>"; };
		0C36D52D1DCACC110081878D /* rc4_skey.c */ = {isa = PBXFileReference; fileEncoding = 4; lastKnownFileType = sourcecode.c.c; path = rc4_skey.c; sourceTree = "<group>"; };
		0C36D52E1DCACC110081878D /* StreamCipher.c */ = {isa = PBXFileReference; fileEncoding = 4; lastKnownFileType = sourcecode.c.c; path = StreamCipher.c; sourceTree = "<group>"; };
		0C36D52F1DCACC110081878D /* StreamCipher.h */ = {isa = PBXFileReference; fileEncoding = 4; lastKnownFileType = sourcecode.c.h; path = StreamCipher.h; sourceTree = "<group>"; };
		0C36D5761DCACC200081878D /* Info.plist */ = {isa = PBXFileReference; fileEncoding = 4; lastKnownFileType = text.plist.xml; path = Info.plist; sourceTree = "<group>"; };
/* End PBXFileReference section */

/* Begin PBXFrameworksBuildPhase section */
		0C36D4B31DCACB940081878D /* Frameworks */ = {
			isa = PBXFrameworksBuildPhase;
			buildActionMask = 2147483647;
			files = (
			);
			runOnlyForDeploymentPostprocessing = 0;
		};
		0C36D4BD1DCACB940081878D /* Frameworks */ = {
			isa = PBXFrameworksBuildPhase;
			buildActionMask = 2147483647;
			files = (
				0C36D4C11DCACB940081878D /* CCommonCrypto.framework in Frameworks */,
			);
			runOnlyForDeploymentPostprocessing = 0;
		};
/* End PBXFrameworksBuildPhase section */

/* Begin PBXGroup section */
		0C36D4AD1DCACB940081878D = {
			isa = PBXGroup;
			children = (
				0C36D4D11DCACC000081878D /* Package.swift */,
				0C36D4D21DCACC000081878D /* module.modulemap */,
				0C36D4D31DCACC000081878D /* README.md */,
				0C36D5761DCACC200081878D /* Info.plist */,
				0C36D4D41DCACC000081878D /* GNUmakefile */,
				0C36D4E01DCACC110081878D /* Source */,
				0C36D4DA1DCACC0B0081878D /* Tests */,
				0C36D4D51DCACC000081878D /* README */,
				0C36D4B81DCACB940081878D /* Products */,
			);
			sourceTree = "<group>";
		};
		0C36D4B81DCACB940081878D /* Products */ = {
			isa = PBXGroup;
			children = (
				0C36D4B71DCACB940081878D /* CCommonCrypto.framework */,
				0C36D4C01DCACB940081878D /* CCommonCryptoTests.xctest */,
			);
			name = Products;
			sourceTree = "<group>";
		};
		0C36D4DA1DCACC0B0081878D /* Tests */ = {
			isa = PBXGroup;
			children = (
				0C36D4DB1DCACC0B0081878D /* CCommonCryptoTests */,
			);
			path = Tests;
			sourceTree = "<group>";
		};
		0C36D4DB1DCACC0B0081878D /* CCommonCryptoTests */ = {
			isa = PBXGroup;
			children = (
				0C36D4DC1DCACC0B0081878D /* CCommonCryptoTests.swift */,
				0C36D4DD1DCACC0B0081878D /* Info.plist */,
			);
			path = CCommonCryptoTests;
			sourceTree = "<group>";
		};
		0C36D4E01DCACC110081878D /* Source */ = {
			isa = PBXGroup;
			children = (
				0C36D4E11DCACC110081878D /* AESedp */,
				0C36D4F11DCACC110081878D /* BlockCipher.c */,
				0C36D4F21DCACC110081878D /* BlockCipher.h */,
				0C36D4F31DCACC110081878D /* CAST */,
				0C36D4FA1DCACC110081878D /* ccDES.c */,
				0C36D4FB1DCACC110081878D /* ccDES.h */,
				0C36D4FC1DCACC110081878D /* ccOpenssl */,
				0C36D5051DCACC110081878D /* CommonCrypto */,
				0C36D50F1DCACC110081878D /* CommonCryptor.c */,
				0C36D5101DCACC110081878D /* CommonCryptorPriv.h */,
				0C36D5111DCACC110081878D /* CommonDigestPriv.h */,
				0C36D5121DCACC110081878D /* CommonHMAC.c */,
				0C36D5131DCACC110081878D /* Digest */,
				0C36D5211DCACC110081878D /* GladmanAES */,
				0C36D5281DCACC110081878D /* RC2 */,
				0C36D52B1DCACC110081878D /* RC4 */,
				0C36D52E1DCACC110081878D /* StreamCipher.c */,
				0C36D52F1DCACC110081878D /* StreamCipher.h */,
			);
			path = Source;
			sourceTree = "<group>";
		};
		0C36D4E11DCACC110081878D /* AESedp */ = {
			isa = PBXGroup;
			children = (
				0C36D4E21DCACC110081878D /* AES.c */,
				0C36D4E31DCACC110081878D /* AESAssembly.h */,
				0C36D4E41DCACC110081878D /* Data.c */,
				0C36D4E51DCACC110081878D /* Intel */,
				0C36D4EE1DCACC110081878D /* MakeData.c */,
				0C36D4EF1DCACC110081878D /* makefile */,
				0C36D4F01DCACC110081878D /* ReadMe.txt */,
			);
			path = AESedp;
			sourceTree = "<group>";
		};
		0C36D4E51DCACC110081878D /* Intel */ = {
			isa = PBXGroup;
			children = (
				0C36D4E61DCACC110081878D /* AES.s */,
				0C36D4E71DCACC110081878D /* Data.s */,
				0C36D4E81DCACC110081878D /* DecryptCBC.s */,
				0C36D4E91DCACC110081878D /* EncryptCBC.s */,
				0C36D4EA1DCACC110081878D /* EncryptDecrypt.s */,
				0C36D4EB1DCACC110081878D /* ExpandKeyForDecryption.s */,
				0C36D4EC1DCACC110081878D /* ExpandKeyForEncryption.s */,
				0C36D4ED1DCACC110081878D /* ReadMe.txt */,
			);
			path = Intel;
			sourceTree = "<group>";
		};
		0C36D4F31DCACC110081878D /* CAST */ = {
			isa = PBXGroup;
			children = (
				0C36D4F41DCACC110081878D /* c_ecb.c */,
				0C36D4F51DCACC110081878D /* c_enc.c */,
				0C36D4F61DCACC110081878D /* c_skey.c */,
				0C36D4F71DCACC110081878D /* cast_lcl.h */,
				0C36D4F81DCACC110081878D /* cast_s.h */,
				0C36D4F91DCACC110081878D /* ccCast.c */,
			);
			path = CAST;
			sourceTree = "<group>";
		};
		0C36D4FC1DCACC110081878D /* ccOpenssl */ = {
			isa = PBXGroup;
			children = (
				0C36D4FD1DCACC110081878D /* des.h */,
				0C36D4FE1DCACC110081878D /* des_enc.c */,
				0C36D4FF1DCACC110081878D /* des_locl.h */,
				0C36D5001DCACC110081878D /* e_os2.h */,
				0C36D5011DCACC110081878D /* opensslconf.h */,
				0C36D5021DCACC110081878D /* opensslDES.c */,
				0C36D5031DCACC110081878D /* set_key.c */,
				0C36D5041DCACC110081878D /* spr.h */,
			);
			path = ccOpenssl;
			sourceTree = "<group>";
		};
		0C36D5051DCACC110081878D /* CommonCrypto */ = {
			isa = PBXGroup;
			children = (
				0C36D5061DCACC110081878D /* aes.h */,
				0C36D5071DCACC110081878D /* aesopt.h */,
				0C36D5081DCACC110081878D /* cast.h */,
				0C36D5091DCACC110081878D /* ccCast.h */,
				0C36D50A1DCACC110081878D /* ccRC2.h */,
				0C36D50B1DCACC110081878D /* CommonCryptoPriv.h */,
				0C36D50C1DCACC110081878D /* opensslDES.h */,
				0C36D50D1DCACC110081878D /* rc2.h */,
				0C36D50E1DCACC110081878D /* rc4.h */,
			);
			path = CommonCrypto;
			sourceTree = "<group>";
		};
		0C36D5131DCACC110081878D /* Digest */ = {
			isa = PBXGroup;
			children = (
				0C36D5141DCACC110081878D /* md2_dgst.c */,
				0C36D5151DCACC110081878D /* md32_common.h */,
				0C36D5161DCACC110081878D /* md4_dgst.c */,
				0C36D5171DCACC110081878D /* md4_locl.h */,
				0C36D5181DCACC110081878D /* md5_dgst.c */,
				0C36D5191DCACC110081878D /* md5_locl.h */,
				0C36D51A1DCACC110081878D /* sha1.c */,
				0C36D51B1DCACC110081878D /* sha1edp.h */,
				0C36D51C1DCACC110081878D /* sha1edpBigEndian.s */,
				0C36D51D1DCACC110081878D /* sha1edpLittleEndian.s */,
				0C36D51E1DCACC110081878D /* sha2.c */,
				0C36D51F1DCACC110081878D /* sha2Priv.h */,
				0C36D5201DCACC110081878D /* sha_locl.h */,
			);
			path = Digest;
			sourceTree = "<group>";
		};
		0C36D5211DCACC110081878D /* GladmanAES */ = {
			isa = PBXGroup;
			children = (
				0C36D5221DCACC110081878D /* aescrypt.c */,
				0C36D5231DCACC110081878D /* aeskey.c */,
				0C36D5241DCACC110081878D /* aestab.c */,
				0C36D5251DCACC110081878D /* aestab.h */,
				0C36D5261DCACC110081878D /* ccNewGladman.c */,
				0C36D5271DCACC110081878D /* README */,
			);
			path = GladmanAES;
			sourceTree = "<group>";
		};
		0C36D5281DCACC110081878D /* RC2 */ = {
			isa = PBXGroup;
			children = (
				0C36D5291DCACC110081878D /* ccRC2.c */,
				0C36D52A1DCACC110081878D /* rc2.c */,
			);
			path = RC2;
			sourceTree = "<group>";
		};
		0C36D52B1DCACC110081878D /* RC4 */ = {
			isa = PBXGroup;
			children = (
				0C36D52C1DCACC110081878D /* rc4_enc.c */,
				0C36D52D1DCACC110081878D /* rc4_skey.c */,
			);
			path = RC4;
			sourceTree = "<group>";
		};
/* End PBXGroup section */

/* Begin PBXHeadersBuildPhase section */
		0C36D4B41DCACB940081878D /* Headers */ = {
			isa = PBXHeadersBuildPhase;
			buildActionMask = 2147483647;
			files = (
				0C36D5571DCACC110081878D /* rc2.h in Headers */,
				0C36D5681DCACC110081878D /* sha2Priv.h in Headers */,
				0C36D5521DCACC110081878D /* cast.h in Headers */,
				0C36D5501DCACC110081878D /* aes.h in Headers */,
				0C36D5601DCACC110081878D /* md4_locl.h in Headers */,
				0C36D5691DCACC110081878D /* sha_locl.h in Headers */,
				0C36D56D1DCACC110081878D /* aestab.h in Headers */,
				0C36D5311DCACC110081878D /* AESAssembly.h in Headers */,
				0C36D5551DCACC110081878D /* CommonCryptoPriv.h in Headers */,
				0C36D5511DCACC110081878D /* aesopt.h in Headers */,
				0C36D5641DCACC110081878D /* sha1edp.h in Headers */,
				0C36D55A1DCACC110081878D /* CommonCryptorPriv.h in Headers */,
				0C36D5431DCACC110081878D /* cast_lcl.h in Headers */,
				0C36D55B1DCACC110081878D /* CommonDigestPriv.h in Headers */,
				0C36D5531DCACC110081878D /* ccCast.h in Headers */,
				0C36D5561DCACC110081878D /* opensslDES.h in Headers */,
				0C36D53F1DCACC110081878D /* BlockCipher.h in Headers */,
				0C36D5581DCACC110081878D /* rc4.h in Headers */,
				0C36D5481DCACC110081878D /* des.h in Headers */,
				0C36D5621DCACC110081878D /* md5_locl.h in Headers */,
				0C36D5751DCACC110081878D /* StreamCipher.h in Headers */,
				0C36D54F1DCACC110081878D /* spr.h in Headers */,
				0C36D5471DCACC110081878D /* ccDES.h in Headers */,
				0C36D54B1DCACC110081878D /* e_os2.h in Headers */,
				0C36D5441DCACC110081878D /* cast_s.h in Headers */,
				0C36D5541DCACC110081878D /* ccRC2.h in Headers */,
				0C36D55E1DCACC110081878D /* md32_common.h in Headers */,
				0C36D54A1DCACC110081878D /* des_locl.h in Headers */,
				0C36D54C1DCACC110081878D /* opensslconf.h in Headers */,
			);
			runOnlyForDeploymentPostprocessing = 0;
		};
/* End PBXHeadersBuildPhase section */

/* Begin PBXNativeTarget section */
		0C36D4B61DCACB940081878D /* CCommonCrypto */ = {
			isa = PBXNativeTarget;
			buildConfigurationList = 0C36D4CB1DCACB940081878D /* Build configuration list for PBXNativeTarget "CCommonCrypto" */;
			buildPhases = (
				0C36D4B21DCACB940081878D /* Sources */,
				0C36D4B31DCACB940081878D /* Frameworks */,
				0C36D4B41DCACB940081878D /* Headers */,
				0C36D4B51DCACB940081878D /* Resources */,
			);
			buildRules = (
			);
			dependencies = (
			);
			name = CCommonCrypto;
			productName = CCommonCrypto;
			productReference = 0C36D4B71DCACB940081878D /* CCommonCrypto.framework */;
			productType = "com.apple.product-type.framework";
		};
		0C36D4BF1DCACB940081878D /* CCommonCryptoTests */ = {
			isa = PBXNativeTarget;
			buildConfigurationList = 0C36D4CE1DCACB940081878D /* Build configuration list for PBXNativeTarget "CCommonCryptoTests" */;
			buildPhases = (
				0C36D4BC1DCACB940081878D /* Sources */,
				0C36D4BD1DCACB940081878D /* Frameworks */,
				0C36D4BE1DCACB940081878D /* Resources */,
			);
			buildRules = (
			);
			dependencies = (
				0C36D4C31DCACB940081878D /* PBXTargetDependency */,
			);
			name = CCommonCryptoTests;
			productName = CCommonCryptoTests;
			productReference = 0C36D4C01DCACB940081878D /* CCommonCryptoTests.xctest */;
			productType = "com.apple.product-type.bundle.unit-test";
		};
/* End PBXNativeTarget section */

/* Begin PBXProject section */
		0C36D4AE1DCACB940081878D /* Project object */ = {
			isa = PBXProject;
			attributes = {
				LastSwiftUpdateCheck = 0810;
				LastUpgradeCheck = 0810;
				ORGANIZATIONNAME = "Amr Aboelela";
				TargetAttributes = {
					0C36D4B61DCACB940081878D = {
						CreatedOnToolsVersion = 8.1;
						LastSwiftMigration = 0810;
						ProvisioningStyle = Automatic;
					};
					0C36D4BF1DCACB940081878D = {
						CreatedOnToolsVersion = 8.1;
						ProvisioningStyle = Automatic;
					};
				};
			};
			buildConfigurationList = 0C36D4B11DCACB940081878D /* Build configuration list for PBXProject "CCommonCrypto" */;
			compatibilityVersion = "Xcode 3.2";
			developmentRegion = English;
			hasScannedForEncodings = 0;
			knownRegions = (
				en,
			);
			mainGroup = 0C36D4AD1DCACB940081878D;
			productRefGroup = 0C36D4B81DCACB940081878D /* Products */;
			projectDirPath = "";
			projectRoot = "";
			targets = (
				0C36D4B61DCACB940081878D /* CCommonCrypto */,
				0C36D4BF1DCACB940081878D /* CCommonCryptoTests */,
			);
		};
/* End PBXProject section */

/* Begin PBXResourcesBuildPhase section */
		0C36D4B51DCACB940081878D /* Resources */ = {
			isa = PBXResourcesBuildPhase;
			buildActionMask = 2147483647;
			files = (
				0C36D56F1DCACC110081878D /* README in Resources */,
				0C36D4D91DCACC000081878D /* README in Resources */,
				0C36D4D81DCACC000081878D /* GNUmakefile in Resources */,
				0C36D53A1DCACC110081878D /* ReadMe.txt in Resources */,
				0C36D53D1DCACC110081878D /* ReadMe.txt in Resources */,
				0C36D4DF1DCACC0B0081878D /* Info.plist in Resources */,
				0C36D5771DCACC200081878D /* Info.plist in Resources */,
			);
			runOnlyForDeploymentPostprocessing = 0;
		};
		0C36D4BE1DCACB940081878D /* Resources */ = {
			isa = PBXResourcesBuildPhase;
			buildActionMask = 2147483647;
			files = (
			);
			runOnlyForDeploymentPostprocessing = 0;
		};
/* End PBXResourcesBuildPhase section */

/* Begin PBXSourcesBuildPhase section */
		0C36D4B21DCACB940081878D /* Sources */ = {
			isa = PBXSourcesBuildPhase;
			buildActionMask = 2147483647;
			files = (
				0C36D5451DCACC110081878D /* ccCast.c in Sources */,
				0C36D53E1DCACC110081878D /* BlockCipher.c in Sources */,
				0C36D5381DCACC110081878D /* ExpandKeyForDecryption.s in Sources */,
				0C36D56B1DCACC110081878D /* aeskey.c in Sources */,
				0C36D5351DCACC110081878D /* DecryptCBC.s in Sources */,
				0C36D56A1DCACC110081878D /* aescrypt.c in Sources */,
				0C36D5591DCACC110081878D /* CommonCryptor.c in Sources */,
				0C36D5671DCACC110081878D /* sha2.c in Sources */,
				0C36D5701DCACC110081878D /* ccRC2.c in Sources */,
				0C36D5711DCACC110081878D /* rc2.c in Sources */,
				0C36D55D1DCACC110081878D /* md2_dgst.c in Sources */,
				0C36D5321DCACC110081878D /* Data.c in Sources */,
				0C36D54D1DCACC110081878D /* opensslDES.c in Sources */,
				0C36D5631DCACC110081878D /* sha1.c in Sources */,
				0C36D55C1DCACC110081878D /* CommonHMAC.c in Sources */,
				0C36D5731DCACC110081878D /* rc4_skey.c in Sources */,
				0C36D5401DCACC110081878D /* c_ecb.c in Sources */,
				0C36D4D71DCACC000081878D /* README.md in Sources */,
				0C36D5391DCACC110081878D /* ExpandKeyForEncryption.s in Sources */,
				0C36D5741DCACC110081878D /* StreamCipher.c in Sources */,
				0C36D56C1DCACC110081878D /* aestab.c in Sources */,
				0C36D5371DCACC110081878D /* EncryptDecrypt.s in Sources */,
				0C36D54E1DCACC110081878D /* set_key.c in Sources */,
				0C36D56E1DCACC110081878D /* ccNewGladman.c in Sources */,
				0C36D5341DCACC110081878D /* Data.s in Sources */,
				0C36D5491DCACC110081878D /* des_enc.c in Sources */,
				0C36D4DE1DCACC0B0081878D /* CCommonCryptoTests.swift in Sources */,
				0C36D53C1DCACC110081878D /* makefile in Sources */,
				0C36D5361DCACC110081878D /* EncryptCBC.s in Sources */,
				0C36D5661DCACC110081878D /* sha1edpLittleEndian.s in Sources */,
				0C36D5651DCACC110081878D /* sha1edpBigEndian.s in Sources */,
				0C36D5331DCACC110081878D /* AES.s in Sources */,
				0C36D4D61DCACC000081878D /* Package.swift in Sources */,
				0C36D5721DCACC110081878D /* rc4_enc.c in Sources */,
				0C36D53B1DCACC110081878D /* MakeData.c in Sources */,
				0C36D5611DCACC110081878D /* md5_dgst.c in Sources */,
				0C36D5421DCACC110081878D /* c_skey.c in Sources */,
				0C36D5301DCACC110081878D /* AES.c in Sources */,
				0C36D5461DCACC110081878D /* ccDES.c in Sources */,
				0C36D55F1DCACC110081878D /* md4_dgst.c in Sources */,
				0C36D5411DCACC110081878D /* c_enc.c in Sources */,
			);
			runOnlyForDeploymentPostprocessing = 0;
		};
		0C36D4BC1DCACB940081878D /* Sources */ = {
			isa = PBXSourcesBuildPhase;
			buildActionMask = 2147483647;
			files = (
			);
			runOnlyForDeploymentPostprocessing = 0;
		};
/* End PBXSourcesBuildPhase section */

/* Begin PBXTargetDependency section */
		0C36D4C31DCACB940081878D /* PBXTargetDependency */ = {
			isa = PBXTargetDependency;
			target = 0C36D4B61DCACB940081878D /* CCommonCrypto */;
			targetProxy = 0C36D4C21DCACB940081878D /* PBXContainerItemProxy */;
		};
/* End PBXTargetDependency section */

/* Begin XCBuildConfiguration section */
		0C36D4C91DCACB940081878D /* Debug */ = {
			isa = XCBuildConfiguration;
			buildSettings = {
				ALWAYS_SEARCH_USER_PATHS = NO;
				CLANG_ANALYZER_NONNULL = YES;
				CLANG_CXX_LANGUAGE_STANDARD = "gnu++0x";
				CLANG_CXX_LIBRARY = "libc++";
				CLANG_ENABLE_MODULES = YES;
				CLANG_ENABLE_OBJC_ARC = YES;
				CLANG_WARN_BOOL_CONVERSION = YES;
				CLANG_WARN_CONSTANT_CONVERSION = YES;
				CLANG_WARN_DIRECT_OBJC_ISA_USAGE = YES_ERROR;
				CLANG_WARN_DOCUMENTATION_COMMENTS = YES;
				CLANG_WARN_EMPTY_BODY = YES;
				CLANG_WARN_ENUM_CONVERSION = YES;
				CLANG_WARN_INFINITE_RECURSION = YES;
				CLANG_WARN_INT_CONVERSION = YES;
				CLANG_WARN_OBJC_ROOT_CLASS = YES_ERROR;
				CLANG_WARN_SUSPICIOUS_MOVES = YES;
				CLANG_WARN_UNREACHABLE_CODE = YES;
				CLANG_WARN__DUPLICATE_METHOD_MATCH = YES;
				"CODE_SIGN_IDENTITY[sdk=iphoneos*]" = "iPhone Developer";
				COPY_PHASE_STRIP = NO;
				CURRENT_PROJECT_VERSION = 1;
				DEBUG_INFORMATION_FORMAT = dwarf;
				ENABLE_STRICT_OBJC_MSGSEND = YES;
				ENABLE_TESTABILITY = YES;
				GCC_C_LANGUAGE_STANDARD = gnu99;
				GCC_DYNAMIC_NO_PIC = NO;
				GCC_NO_COMMON_BLOCKS = YES;
				GCC_OPTIMIZATION_LEVEL = 0;
				GCC_PREPROCESSOR_DEFINITIONS = (
					"DEBUG=1",
					"$(inherited)",
				);
				GCC_WARN_64_TO_32_BIT_CONVERSION = YES;
				GCC_WARN_ABOUT_RETURN_TYPE = YES_ERROR;
				GCC_WARN_UNDECLARED_SELECTOR = YES;
				GCC_WARN_UNINITIALIZED_AUTOS = YES_AGGRESSIVE;
				GCC_WARN_UNUSED_FUNCTION = YES;
				GCC_WARN_UNUSED_VARIABLE = YES;
				IPHONEOS_DEPLOYMENT_TARGET = 10.1;
				MTL_ENABLE_DEBUG_INFO = YES;
				ONLY_ACTIVE_ARCH = YES;
				SDKROOT = iphoneos;
				SWIFT_ACTIVE_COMPILATION_CONDITIONS = DEBUG;
				SWIFT_OPTIMIZATION_LEVEL = "-Onone";
				TARGETED_DEVICE_FAMILY = "1,2";
				VERSIONING_SYSTEM = "apple-generic";
				VERSION_INFO_PREFIX = "";
			};
			name = Debug;
		};
		0C36D4CA1DCACB940081878D /* Release */ = {
			isa = XCBuildConfiguration;
			buildSettings = {
				ALWAYS_SEARCH_USER_PATHS = NO;
				CLANG_ANALYZER_NONNULL = YES;
				CLANG_CXX_LANGUAGE_STANDARD = "gnu++0x";
				CLANG_CXX_LIBRARY = "libc++";
				CLANG_ENABLE_MODULES = YES;
				CLANG_ENABLE_OBJC_ARC = YES;
				CLANG_WARN_BOOL_CONVERSION = YES;
				CLANG_WARN_CONSTANT_CONVERSION = YES;
				CLANG_WARN_DIRECT_OBJC_ISA_USAGE = YES_ERROR;
				CLANG_WARN_DOCUMENTATION_COMMENTS = YES;
				CLANG_WARN_EMPTY_BODY = YES;
				CLANG_WARN_ENUM_CONVERSION = YES;
				CLANG_WARN_INFINITE_RECURSION = YES;
				CLANG_WARN_INT_CONVERSION = YES;
				CLANG_WARN_OBJC_ROOT_CLASS = YES_ERROR;
				CLANG_WARN_SUSPICIOUS_MOVES = YES;
				CLANG_WARN_UNREACHABLE_CODE = YES;
				CLANG_WARN__DUPLICATE_METHOD_MATCH = YES;
				"CODE_SIGN_IDENTITY[sdk=iphoneos*]" = "iPhone Developer";
				COPY_PHASE_STRIP = NO;
				CURRENT_PROJECT_VERSION = 1;
				DEBUG_INFORMATION_FORMAT = "dwarf-with-dsym";
				ENABLE_NS_ASSERTIONS = NO;
				ENABLE_STRICT_OBJC_MSGSEND = YES;
				GCC_C_LANGUAGE_STANDARD = gnu99;
				GCC_NO_COMMON_BLOCKS = YES;
				GCC_WARN_64_TO_32_BIT_CONVERSION = YES;
				GCC_WARN_ABOUT_RETURN_TYPE = YES_ERROR;
				GCC_WARN_UNDECLARED_SELECTOR = YES;
				GCC_WARN_UNINITIALIZED_AUTOS = YES_AGGRESSIVE;
				GCC_WARN_UNUSED_FUNCTION = YES;
				GCC_WARN_UNUSED_VARIABLE = YES;
				IPHONEOS_DEPLOYMENT_TARGET = 10.1;
				MTL_ENABLE_DEBUG_INFO = NO;
				SDKROOT = iphoneos;
				SWIFT_OPTIMIZATION_LEVEL = "-Owholemodule";
				TARGETED_DEVICE_FAMILY = "1,2";
				VALIDATE_PRODUCT = YES;
				VERSIONING_SYSTEM = "apple-generic";
				VERSION_INFO_PREFIX = "";
			};
			name = Release;
		};
		0C36D4CC1DCACB940081878D /* Debug */ = {
			isa = XCBuildConfiguration;
			buildSettings = {
				CLANG_ENABLE_MODULES = YES;
				CODE_SIGN_IDENTITY = "";
				DEFINES_MODULE = YES;
				DYLIB_COMPATIBILITY_VERSION = 1;
				DYLIB_CURRENT_VERSION = 1;
				DYLIB_INSTALL_NAME_BASE = "@rpath";
				INFOPLIST_FILE = CCommonCrypto/Info.plist;
				INSTALL_PATH = "$(LOCAL_LIBRARY_DIR)/Frameworks";
				LD_RUNPATH_SEARCH_PATHS = "$(inherited) @executable_path/Frameworks @loader_path/Frameworks";
				PRODUCT_BUNDLE_IDENTIFIER = com.amr.CCommonCrypto;
				PRODUCT_NAME = "$(TARGET_NAME)";
				SKIP_INSTALL = YES;
				SWIFT_OPTIMIZATION_LEVEL = "-Onone";
				SWIFT_VERSION = 3.0;
			};
			name = Debug;
		};
		0C36D4CD1DCACB940081878D /* Release */ = {
			isa = XCBuildConfiguration;
			buildSettings = {
				CLANG_ENABLE_MODULES = YES;
				CODE_SIGN_IDENTITY = "";
				DEFINES_MODULE = YES;
				DYLIB_COMPATIBILITY_VERSION = 1;
				DYLIB_CURRENT_VERSION = 1;
				DYLIB_INSTALL_NAME_BASE = "@rpath";
				INFOPLIST_FILE = CCommonCrypto/Info.plist;
				INSTALL_PATH = "$(LOCAL_LIBRARY_DIR)/Frameworks";
				LD_RUNPATH_SEARCH_PATHS = "$(inherited) @executable_path/Frameworks @loader_path/Frameworks";
				PRODUCT_BUNDLE_IDENTIFIER = com.amr.CCommonCrypto;
				PRODUCT_NAME = "$(TARGET_NAME)";
				SKIP_INSTALL = YES;
				SWIFT_VERSION = 3.0;
			};
			name = Release;
		};
		0C36D4CF1DCACB940081878D /* Debug */ = {
			isa = XCBuildConfiguration;
			buildSettings = {
				ALWAYS_EMBED_SWIFT_STANDARD_LIBRARIES = YES;
				INFOPLIST_FILE = CCommonCryptoTests/Info.plist;
				LD_RUNPATH_SEARCH_PATHS = "$(inherited) @executable_path/Frameworks @loader_path/Frameworks";
				PRODUCT_BUNDLE_IDENTIFIER = com.amr.CCommonCryptoTests;
				PRODUCT_NAME = "$(TARGET_NAME)";
				SWIFT_VERSION = 3.0;
			};
			name = Debug;
		};
		0C36D4D01DCACB940081878D /* Release */ = {
			isa = XCBuildConfiguration;
			buildSettings = {
				ALWAYS_EMBED_SWIFT_STANDARD_LIBRARIES = YES;
				INFOPLIST_FILE = CCommonCryptoTests/Info.plist;
				LD_RUNPATH_SEARCH_PATHS = "$(inherited) @executable_path/Frameworks @loader_path/Frameworks";
				PRODUCT_BUNDLE_IDENTIFIER = com.amr.CCommonCryptoTests;
				PRODUCT_NAME = "$(TARGET_NAME)";
				SWIFT_VERSION = 3.0;
			};
			name = Release;
		};
/* End XCBuildConfiguration section */

/* Begin XCConfigurationList section */
		0C36D4B11DCACB940081878D /* Build configuration list for PBXProject "CCommonCrypto" */ = {
			isa = XCConfigurationList;
			buildConfigurations = (
				0C36D4C91DCACB940081878D /* Debug */,
				0C36D4CA1DCACB940081878D /* Release */,
			);
			defaultConfigurationIsVisible = 0;
			defaultConfigurationName = Release;
		};
		0C36D4CB1DCACB940081878D /* Build configuration list for PBXNativeTarget "CCommonCrypto" */ = {
			isa = XCConfigurationList;
			buildConfigurations = (
				0C36D4CC1DCACB940081878D /* Debug */,
				0C36D4CD1DCACB940081878D /* Release */,
			);
			defaultConfigurationIsVisible = 0;
			defaultConfigurationName = Release;
		};
		0C36D4CE1DCACB940081878D /* Build configuration list for PBXNativeTarget "CCommonCryptoTests" */ = {
			isa = XCConfigurationList;
			buildConfigurations = (
				0C36D4CF1DCACB940081878D /* Debug */,
				0C36D4D01DCACB940081878D /* Release */,
			);
			defaultConfigurationIsVisible = 0;
			defaultConfigurationName = Release;
		};
/* End XCConfigurationList section */
	};
	rootObject = 0C36D4AE1DCACB940081878D /* Project object */;
}
